
Microsoft Visual Studio Solution File, Format Version 12.00
# Visual Studio Version 16
VisualStudioVersion = 16.6.30114.105
MinimumVisualStudioVersion = 10.0.40219.1
Project("{FAE04EC0-301F-11D3-BF4B-00C04F79EFBC}") = "API", "API\API.csproj", "{87DB6643-2E8C-4C2D-BFF8-0339DE2F96C7}"
EndProject
Project("{FAE04EC0-301F-11D3-BF4B-00C04F79EFBC}") = "Application", "Application\Application.csproj", "{80E9B2D1-230B-4D2D-93AE-D92033988C4D}"
EndProject
Project("{FAE04EC0-301F-11D3-BF4B-00C04F79EFBC}") = "Persistence", "Persistence\Persistence.csproj", "{940B0CC8-2CFC-4D30-804A-CFF43AC5E95A}"
EndProject
Project("{FAE04EC0-301F-11D3-BF4B-00C04F79EFBC}") = "Domain", "Domain\Domain.csproj", "{AD49323D-01CE-4C3B-9227-395188682899}"
EndProject
Project("{FAE04EC0-301F-11D3-BF4B-00C04F79EFBC}") = "Infrastructure", "Infrastructure\Infrastructure.csproj", "{59886B05-F01B-4FB2-B28C-F7025947915F}"
EndProject
Global
	GlobalSection(SolutionConfigurationPlatforms) = preSolution
		Debug|Any CPU = Debug|Any CPU
		Debug|x64 = Debug|x64
		Debug|x86 = Debug|x86
		Release|Any CPU = Release|Any CPU
		Release|x64 = Release|x64
		Release|x86 = Release|x86
	EndGlobalSection
	GlobalSection(SolutionProperties) = preSolution
		HideSolutionNode = FALSE
	EndGlobalSection
	GlobalSection(ProjectConfigurationPlatforms) = postSolution
		{87DB6643-2E8C-4C2D-BFF8-0339DE2F96C7}.Debug|Any CPU.ActiveCfg = Debug|Any CPU
		{87DB6643-2E8C-4C2D-BFF8-0339DE2F96C7}.Debug|Any CPU.Build.0 = Debug|Any CPU
		{87DB6643-2E8C-4C2D-BFF8-0339DE2F96C7}.Debug|x64.ActiveCfg = Debug|Any CPU
		{87DB6643-2E8C-4C2D-BFF8-0339DE2F96C7}.Debug|x64.Build.0 = Debug|Any CPU
		{87DB6643-2E8C-4C2D-BFF8-0339DE2F96C7}.Debug|x86.ActiveCfg = Debug|Any CPU
		{87DB6643-2E8C-4C2D-BFF8-0339DE2F96C7}.Debug|x86.Build.0 = Debug|Any CPU
		{87DB6643-2E8C-4C2D-BFF8-0339DE2F96C7}.Release|Any CPU.ActiveCfg = Release|Any CPU
		{87DB6643-2E8C-4C2D-BFF8-0339DE2F96C7}.Release|Any CPU.Build.0 = Release|Any CPU
		{87DB6643-2E8C-4C2D-BFF8-0339DE2F96C7}.Release|x64.ActiveCfg = Release|Any CPU
		{87DB6643-2E8C-4C2D-BFF8-0339DE2F96C7}.Release|x64.Build.0 = Release|Any CPU
		{87DB6643-2E8C-4C2D-BFF8-0339DE2F96C7}.Release|x86.ActiveCfg = Release|Any CPU
		{87DB6643-2E8C-4C2D-BFF8-0339DE2F96C7}.Release|x86.Build.0 = Release|Any CPU
		{80E9B2D1-230B-4D2D-93AE-D92033988C4D}.Debug|Any CPU.ActiveCfg = Debug|Any CPU
		{80E9B2D1-230B-4D2D-93AE-D92033988C4D}.Debug|Any CPU.Build.0 = Debug|Any CPU
		{80E9B2D1-230B-4D2D-93AE-D92033988C4D}.Debug|x64.ActiveCfg = Debug|Any CPU
		{80E9B2D1-230B-4D2D-93AE-D92033988C4D}.Debug|x64.Build.0 = Debug|Any CPU
		{80E9B2D1-230B-4D2D-93AE-D92033988C4D}.Debug|x86.ActiveCfg = Debug|Any CPU
		{80E9B2D1-230B-4D2D-93AE-D92033988C4D}.Debug|x86.Build.0 = Debug|Any CPU
		{80E9B2D1-230B-4D2D-93AE-D92033988C4D}.Release|Any CPU.ActiveCfg = Release|Any CPU
		{80E9B2D1-230B-4D2D-93AE-D92033988C4D}.Release|Any CPU.Build.0 = Release|Any CPU
		{80E9B2D1-230B-4D2D-93AE-D92033988C4D}.Release|x64.ActiveCfg = Release|Any CPU
		{80E9B2D1-230B-4D2D-93AE-D92033988C4D}.Release|x64.Build.0 = Release|Any CPU
		{80E9B2D1-230B-4D2D-93AE-D92033988C4D}.Release|x86.ActiveCfg = Release|Any CPU
		{80E9B2D1-230B-4D2D-93AE-D92033988C4D}.Release|x86.Build.0 = Release|Any CPU
		{940B0CC8-2CFC-4D30-804A-CFF43AC5E95A}.Debug|Any CPU.ActiveCfg = Debug|Any CPU
		{940B0CC8-2CFC-4D30-804A-CFF43AC5E95A}.Debug|Any CPU.Build.0 = Debug|Any CPU
		{940B0CC8-2CFC-4D30-804A-CFF43AC5E95A}.Debug|x64.ActiveCfg = Debug|Any CPU
		{940B0CC8-2CFC-4D30-804A-CFF43AC5E95A}.Debug|x64.Build.0 = Debug|Any CPU
		{940B0CC8-2CFC-4D30-804A-CFF43AC5E95A}.Debug|x86.ActiveCfg = Debug|Any CPU
		{940B0CC8-2CFC-4D30-804A-CFF43AC5E95A}.Debug|x86.Build.0 = Debug|Any CPU
		{940B0CC8-2CFC-4D30-804A-CFF43AC5E95A}.Release|Any CPU.ActiveCfg = Release|Any CPU
		{940B0CC8-2CFC-4D30-804A-CFF43AC5E95A}.Release|Any CPU.Build.0 = Release|Any CPU
		{940B0CC8-2CFC-4D30-804A-CFF43AC5E95A}.Release|x64.ActiveCfg = Release|Any CPU
		{940B0CC8-2CFC-4D30-804A-CFF43AC5E95A}.Release|x64.Build.0 = Release|Any CPU
		{940B0CC8-2CFC-4D30-804A-CFF43AC5E95A}.Release|x86.ActiveCfg = Release|Any CPU
		{940B0CC8-2CFC-4D30-804A-CFF43AC5E95A}.Release|x86.Build.0 = Release|Any CPU
		{AD49323D-01CE-4C3B-9227-395188682899}.Debug|Any CPU.ActiveCfg = Debug|Any CPU
		{AD49323D-01CE-4C3B-9227-395188682899}.Debug|Any CPU.Build.0 = Debug|Any CPU
		{AD49323D-01CE-4C3B-9227-395188682899}.Debug|x64.ActiveCfg = Debug|Any CPU
		{AD49323D-01CE-4C3B-9227-395188682899}.Debug|x64.Build.0 = Debug|Any CPU
		{AD49323D-01CE-4C3B-9227-395188682899}.Debug|x86.ActiveCfg = Debug|Any CPU
		{AD49323D-01CE-4C3B-9227-395188682899}.Debug|x86.Build.0 = Debug|Any CPU
		{AD49323D-01CE-4C3B-9227-395188682899}.Release|Any CPU.ActiveCfg = Release|Any CPU
		{AD49323D-01CE-4C3B-9227-395188682899}.Release|Any CPU.Build.0 = Release|Any CPU
		{AD49323D-01CE-4C3B-9227-395188682899}.Release|x64.ActiveCfg = Release|Any CPU
		{AD49323D-01CE-4C3B-9227-395188682899}.Release|x64.Build.0 = Release|Any CPU
		{AD49323D-01CE-4C3B-9227-395188682899}.Release|x86.ActiveCfg = Release|Any CPU
		{AD49323D-01CE-4C3B-9227-395188682899}.Release|x86.Build.0 = Release|Any CPU
		{59886B05-F01B-4FB2-B28C-F7025947915F}.Debug|Any CPU.ActiveCfg = Debug|Any CPU
		{59886B05-F01B-4FB2-B28C-F7025947915F}.Debug|Any CPU.Build.0 = Debug|Any CPU
		{59886B05-F01B-4FB2-B28C-F7025947915F}.Debug|x64.ActiveCfg = Debug|Any CPU
		{59886B05-F01B-4FB2-B28C-F7025947915F}.Debug|x64.Build.0 = Debug|Any CPU
		{59886B05-F01B-4FB2-B28C-F7025947915F}.Debug|x86.ActiveCfg = Debug|Any CPU
		{59886B05-F01B-4FB2-B28C-F7025947915F}.Debug|x86.Build.0 = Debug|Any CPU
		{59886B05-F01B-4FB2-B28C-F7025947915F}.Release|Any CPU.ActiveCfg = Release|Any CPU
		{59886B05-F01B-4FB2-B28C-F7025947915F}.Release|Any CPU.Build.0 = Release|Any CPU
		{59886B05-F01B-4FB2-B28C-F7025947915F}.Release|x64.ActiveCfg = Release|Any CPU
		{59886B05-F01B-4FB2-B28C-F7025947915F}.Release|x64.Build.0 = Release|Any CPU
		{59886B05-F01B-4FB2-B28C-F7025947915F}.Release|x86.ActiveCfg = Release|Any CPU
		{59886B05-F01B-4FB2-B28C-F7025947915F}.Release|x86.Build.0 = Release|Any CPU
	EndGlobalSection
EndGlobal
